<?xml version="1.0" encoding="UTF-8" standalone="yes" ?>
<CodeBlocks_project_file>
	<FileVersion major="1" minor="6" />
	<Project>
		<Option title="dracoterram" />
		<Option pch_mode="2" />
		<Option compiler="gcc" />
		<Build>
			<Target title="Debug">
				<Option output="bin/Debug/dracoterram" prefix_auto="1" extension_auto="1" />
				<Option object_output="obj/Debug/" />
				<Option type="1" />
				<Option compiler="gcc" />
				<Compiler>
					<Add option="-g" />
				</Compiler>
			</Target>
			<Target title="Release">
				<Option output="bin/Release/dracoterram" prefix_auto="1" extension_auto="1" />
				<Option object_output="obj/Release/" />
				<Option type="1" />
				<Option compiler="gcc" />
				<Compiler>
					<Add option="-O2" />
				</Compiler>
				<Linker>
					<Add option="-s" />
				</Linker>
			</Target>
		</Build>
		<Compiler>
			<Add option="-Wall" />
			<Add option="-fexceptions" />
		</Compiler>
		<Unit filename="dracoterram/dracoterram.cpp" />
		<Unit filename="dracoterram/dracoterram.h" />
		<Unit filename="dracoterram/network/client.cpp" />
		<Unit filename="dracoterram/network/client.h" />
		<Unit filename="dracoterram/network/network.cpp" />
		<Unit filename="dracoterram/network/network.h" />
		<Unit filename="dracoterram/network/packet/message.cpp" />
		<Unit filename="dracoterram/network/packet/message.h" />
		<Unit filename="dracoterram/network/packet/message_procesor.h" />
		<Unit filename="dracoterram/network/packet/message_processor.cpp" />
		<Unit filename="dracoterram/network/packet/message_processor_factory.cpp" />
		<Unit filename="dracoterram/network/packet/message_processor_factory.h" />
		<Unit filename="dracoterram/network/packet/messages.cpp" />
		<Unit filename="dracoterram/network/packet/messages.h" />
		<Unit filename="dracoterram/network/packet/packet.cpp" />
		<Unit filename="dracoterram/network/packet/packet.h" />
		<Unit filename="dracoterram/network/record.cpp" />
		<Unit filename="dracoterram/network/record.h" />
		<Unit filename="dracoterram/network/record_list.cpp" />
		<Unit filename="dracoterram/network/record_list.h" />
		<Unit filename="dracoterram/network/records.cpp" />
		<Unit filename="dracoterram/network/records.h" />
		<Unit filename="dracoterram/network/server.cpp" />
		<Unit filename="dracoterram/network/server.h" />
		<Unit filename="dracoterram/network/session.cpp" />
		<Unit filename="dracoterram/network/session.h" />
		<Unit filename="main.cpp" />
		<Extensions>
			<code_completion />
			<debugger />
		</Extensions>
	</Project>
</CodeBlocks_project_file>
